{
  "name": "student-project",
  "lockfileVersion": 3,
  "requires": true,
  "packages": {
    "": {
      "dependencies": {
        "create": "^0.0.2"
      }
    },
    "node_modules/create": {
      "version": "0.0.2",
      "resolved": "https://registry.npmjs.org/create/-/create-0.0.2.tgz",
      "integrity": "sha512-Bwg4masTkJSItmzQ5GM7Sgv05g7FkcmyG5L5FOeBCU/O9K+AKub5eEwCAGwJ6uTPqY3BIFT1YIDjz3d70MZOcw==",
      "engines": {
        "node": ">= 0.4.0 && < 0.7.0"
      }
    }
  }
}
